
Microsoft Visual Studio Solution File, Format Version 12.00
# Visual Studio Version 16
VisualStudioVersion = 16.0.31205.134
MinimumVisualStudioVersion = 10.0.40219.1
Project("{FAE04EC0-301F-11D3-BF4B-00C04F79EFBC}") = "MiCalculadora", "MiCalculadora\MiCalculadora.csproj", "{B2C05163-0771-4023-80BE-1E8FFA150B2A}"
EndProject
Project("{FAE04EC0-301F-11D3-BF4B-00C04F79EFBC}") = "Entidades", "Entidades2\Entidades.csproj", "{3B16CECD-FF87-4A44-A106-963FCE727869}"
EndProject
Global
	GlobalSection(SolutionConfigurationPlatforms) = preSolution
		Debug|Any CPU = Debug|Any CPU
		Release|Any CPU = Release|Any CPU
	EndGlobalSection
	GlobalSection(ProjectConfigurationPlatforms) = postSolution
		{B2C05163-0771-4023-80BE-1E8FFA150B2A}.Debug|Any CPU.ActiveCfg = Debug|Any CPU
		{B2C05163-0771-4023-80BE-1E8FFA150B2A}.Debug|Any CPU.Build.0 = Debug|Any CPU
		{B2C05163-0771-4023-80BE-1E8FFA150B2A}.Release|Any CPU.ActiveCfg = Release|Any CPU
		{B2C05163-0771-4023-80BE-1E8FFA150B2A}.Release|Any CPU.Build.0 = Release|Any CPU
		{3B16CECD-FF87-4A44-A106-963FCE727869}.Debug|Any CPU.ActiveCfg = Debug|Any CPU
		{3B16CECD-FF87-4A44-A106-963FCE727869}.Debug|Any CPU.Build.0 = Debug|Any CPU
		{3B16CECD-FF87-4A44-A106-963FCE727869}.Release|Any CPU.ActiveCfg = Release|Any CPU
		{3B16CECD-FF87-4A44-A106-963FCE727869}.Release|Any CPU.Build.0 = Release|Any CPU
	EndGlobalSection
	GlobalSection(SolutionProperties) = preSolution
		HideSolutionNode = FALSE
	EndGlobalSection
	GlobalSection(ExtensibilityGlobals) = postSolution
		SolutionGuid = {A62F48CD-52A5-48DD-A844-AD0B633C5FFA}
	EndGlobalSection
EndGlobal
