
Microsoft Visual Studio Solution File, Format Version 12.00
# Visual Studio Version 16
VisualStudioVersion = 16.0.31313.79
MinimumVisualStudioVersion = 10.0.40219.1
Project("{FAE04EC0-301F-11D3-BF4B-00C04F79EFBC}") = "Entidades", "Entidades\Entidades.csproj", "{40FA2202-5003-4779-B24E-059717787124}"
EndProject
Project("{FAE04EC0-301F-11D3-BF4B-00C04F79EFBC}") = "ConsolaTP3", "ConsolaTP3\ConsolaTP3.csproj", "{3AB2DF0C-8C0A-4764-AB7A-F0C55E5940D4}"
EndProject
Project("{FAE04EC0-301F-11D3-BF4B-00C04F79EFBC}") = "FormPrincipal", "FormPrincipal\FormPrincipal.csproj", "{C9931D92-6E46-4406-AA5B-427FA08EAE2F}"
EndProject
Project("{FAE04EC0-301F-11D3-BF4B-00C04F79EFBC}") = "UnitTestTPFinal", "UnitTestTPFinal\UnitTestTPFinal.csproj", "{3F1CDF05-F5C1-4BD8-8541-0E81DA17979B}"
EndProject
Project("{FAE04EC0-301F-11D3-BF4B-00C04F79EFBC}") = "Serializable", "Serializable\Serializable.csproj", "{A84536F5-76DD-4652-809F-5605325F7F0F}"
EndProject
Global
	GlobalSection(SolutionConfigurationPlatforms) = preSolution
		Debug|Any CPU = Debug|Any CPU
		Release|Any CPU = Release|Any CPU
	EndGlobalSection
	GlobalSection(ProjectConfigurationPlatforms) = postSolution
		{40FA2202-5003-4779-B24E-059717787124}.Debug|Any CPU.ActiveCfg = Debug|Any CPU
		{40FA2202-5003-4779-B24E-059717787124}.Debug|Any CPU.Build.0 = Debug|Any CPU
		{40FA2202-5003-4779-B24E-059717787124}.Release|Any CPU.ActiveCfg = Release|Any CPU
		{40FA2202-5003-4779-B24E-059717787124}.Release|Any CPU.Build.0 = Release|Any CPU
		{3AB2DF0C-8C0A-4764-AB7A-F0C55E5940D4}.Debug|Any CPU.ActiveCfg = Debug|Any CPU
		{3AB2DF0C-8C0A-4764-AB7A-F0C55E5940D4}.Debug|Any CPU.Build.0 = Debug|Any CPU
		{3AB2DF0C-8C0A-4764-AB7A-F0C55E5940D4}.Release|Any CPU.ActiveCfg = Release|Any CPU
		{3AB2DF0C-8C0A-4764-AB7A-F0C55E5940D4}.Release|Any CPU.Build.0 = Release|Any CPU
		{C9931D92-6E46-4406-AA5B-427FA08EAE2F}.Debug|Any CPU.ActiveCfg = Debug|Any CPU
		{C9931D92-6E46-4406-AA5B-427FA08EAE2F}.Debug|Any CPU.Build.0 = Debug|Any CPU
		{C9931D92-6E46-4406-AA5B-427FA08EAE2F}.Release|Any CPU.ActiveCfg = Release|Any CPU
		{C9931D92-6E46-4406-AA5B-427FA08EAE2F}.Release|Any CPU.Build.0 = Release|Any CPU
		{3F1CDF05-F5C1-4BD8-8541-0E81DA17979B}.Debug|Any CPU.ActiveCfg = Debug|Any CPU
		{3F1CDF05-F5C1-4BD8-8541-0E81DA17979B}.Debug|Any CPU.Build.0 = Debug|Any CPU
		{3F1CDF05-F5C1-4BD8-8541-0E81DA17979B}.Release|Any CPU.ActiveCfg = Release|Any CPU
		{3F1CDF05-F5C1-4BD8-8541-0E81DA17979B}.Release|Any CPU.Build.0 = Release|Any CPU
		{A84536F5-76DD-4652-809F-5605325F7F0F}.Debug|Any CPU.ActiveCfg = Debug|Any CPU
		{A84536F5-76DD-4652-809F-5605325F7F0F}.Debug|Any CPU.Build.0 = Debug|Any CPU
		{A84536F5-76DD-4652-809F-5605325F7F0F}.Release|Any CPU.ActiveCfg = Release|Any CPU
		{A84536F5-76DD-4652-809F-5605325F7F0F}.Release|Any CPU.Build.0 = Release|Any CPU
	EndGlobalSection
	GlobalSection(SolutionProperties) = preSolution
		HideSolutionNode = FALSE
	EndGlobalSection
	GlobalSection(ExtensibilityGlobals) = postSolution
		SolutionGuid = {627BA13E-E17C-4D7F-8E32-31D9C2312C32}
	EndGlobalSection
EndGlobal
