
Microsoft Visual Studio Solution File, Format Version 12.00
# Visual Studio Version 16
VisualStudioVersion = 16.0.31205.134
MinimumVisualStudioVersion = 10.0.40219.1
Project("{FAE04EC0-301F-11D3-BF4B-00C04F79EFBC}") = "Entidades", "Entidades\Entidades.csproj", "{1588189D-3D83-4418-B32F-A6F6FA7F47A9}"
EndProject
Project("{FAE04EC0-301F-11D3-BF4B-00C04F79EFBC}") = "MiCalculadora", "..\MiCalculadora\MiCalculadora.csproj", "{0830E288-A355-4D3C-A83A-2EE4C7A1036D}"
EndProject
Global
	GlobalSection(SolutionConfigurationPlatforms) = preSolution
		Debug|Any CPU = Debug|Any CPU
		Release|Any CPU = Release|Any CPU
	EndGlobalSection
	GlobalSection(ProjectConfigurationPlatforms) = postSolution
		{1588189D-3D83-4418-B32F-A6F6FA7F47A9}.Debug|Any CPU.ActiveCfg = Debug|Any CPU
		{1588189D-3D83-4418-B32F-A6F6FA7F47A9}.Debug|Any CPU.Build.0 = Debug|Any CPU
		{1588189D-3D83-4418-B32F-A6F6FA7F47A9}.Release|Any CPU.ActiveCfg = Release|Any CPU
		{1588189D-3D83-4418-B32F-A6F6FA7F47A9}.Release|Any CPU.Build.0 = Release|Any CPU
		{0830E288-A355-4D3C-A83A-2EE4C7A1036D}.Debug|Any CPU.ActiveCfg = Debug|Any CPU
		{0830E288-A355-4D3C-A83A-2EE4C7A1036D}.Debug|Any CPU.Build.0 = Debug|Any CPU
		{0830E288-A355-4D3C-A83A-2EE4C7A1036D}.Release|Any CPU.ActiveCfg = Release|Any CPU
		{0830E288-A355-4D3C-A83A-2EE4C7A1036D}.Release|Any CPU.Build.0 = Release|Any CPU
	EndGlobalSection
	GlobalSection(SolutionProperties) = preSolution
		HideSolutionNode = FALSE
	EndGlobalSection
	GlobalSection(ExtensibilityGlobals) = postSolution
		SolutionGuid = {20FE4DCA-CA8C-489E-8CB1-25E353290B54}
	EndGlobalSection
EndGlobal
